// !$*UTF8*$!
{
	archiveVersion = 1;
	classes = {
	};
	objectVersion = 56;
	objects = {

/* Begin PBXBuildFile section */
		D7F210B22BA82D7300A54EA6 /* AppDelegate.swift in Sources */ = {isa = PBXBuildFile; fileRef = D7F210B12BA82D7300A54EA6 /* AppDelegate.swift */; };
		D7F210B42BA82D7300A54EA6 /* SceneDelegate.swift in Sources */ = {isa = PBXBuildFile; fileRef = D7F210B32BA82D7300A54EA6 /* SceneDelegate.swift */; };
		D7F210BB2BA82D7500A54EA6 /* Assets.xcassets in Resources */ = {isa = PBXBuildFile; fileRef = D7F210BA2BA82D7500A54EA6 /* Assets.xcassets */; };
		D7F210BE2BA82D7500A54EA6 /* LaunchScreen.storyboard in Resources */ = {isa = PBXBuildFile; fileRef = D7F210BC2BA82D7500A54EA6 /* LaunchScreen.storyboard */; };
		D7F210CA2BA8311700A54EA6 /* SnapKit in Frameworks */ = {isa = PBXBuildFile; productRef = D7F210C92BA8311700A54EA6 /* SnapKit */; };
		D7F210CC2BA8311700A54EA6 /* SnapKit-Dynamic in Frameworks */ = {isa = PBXBuildFile; productRef = D7F210CB2BA8311700A54EA6 /* SnapKit-Dynamic */; };
		D7F210D02BA8397700A54EA6 /* CustomTableViewCell.swift in Sources */ = {isa = PBXBuildFile; fileRef = D7F210CF2BA8397700A54EA6 /* CustomTableViewCell.swift */; };
		D7F210D22BA839AC00A54EA6 /* BestTeamViewController.swift in Sources */ = {isa = PBXBuildFile; fileRef = D7F210D12BA839AC00A54EA6 /* BestTeamViewController.swift */; };
		D7F210D42BA839C300A54EA6 /* Model.swift in Sources */ = {isa = PBXBuildFile; fileRef = D7F210D32BA839C300A54EA6 /* Model.swift */; };
		D7F210D62BA86A4100A54EA6 /* DetailViewController.swift in Sources */ = {isa = PBXBuildFile; fileRef = D7F210D52BA86A4100A54EA6 /* DetailViewController.swift */; };
		D7F210D82BA896E900A54EA6 /* SettingsGrouped.swift in Sources */ = {isa = PBXBuildFile; fileRef = D7F210D72BA896E900A54EA6 /* SettingsGrouped.swift */; };
		D7F210DA2BA89ACD00A54EA6 /* Setting.swift in Sources */ = {isa = PBXBuildFile; fileRef = D7F210D92BA89ACD00A54EA6 /* Setting.swift */; };
		D7F210DC2BA9774900A54EA6 /* SettingImageView.swift in Sources */ = {isa = PBXBuildFile; fileRef = D7F210DB2BA9774900A54EA6 /* SettingImageView.swift */; };
/* End PBXBuildFile section */

/* Begin PBXFileReference section */
		D7F210AE2BA82D7300A54EA6 /* MondaysApp.app */ = {isa = PBXFileReference; explicitFileType = wrapper.application; includeInIndex = 0; path = MondaysApp.app; sourceTree = BUILT_PRODUCTS_DIR; };
		D7F210B12BA82D7300A54EA6 /* AppDelegate.swift */ = {isa = PBXFileReference; lastKnownFileType = sourcecode.swift; path = AppDelegate.swift; sourceTree = "<group>"; };
		D7F210B32BA82D7300A54EA6 /* SceneDelegate.swift */ = {isa = PBXFileReference; lastKnownFileType = sourcecode.swift; path = SceneDelegate.swift; sourceTree = "<group>"; };
		D7F210BA2BA82D7500A54EA6 /* Assets.xcassets */ = {isa = PBXFileReference; lastKnownFileType = folder.assetcatalog; path = Assets.xcassets; sourceTree = "<group>"; };
		D7F210BD2BA82D7500A54EA6 /* Base */ = {isa = PBXFileReference; lastKnownFileType = file.storyboard; name = Base; path = Base.lproj/LaunchScreen.storyboard; sourceTree = "<group>"; };
		D7F210BF2BA82D7500A54EA6 /* Info.plist */ = {isa = PBXFileReference; lastKnownFileType = text.plist.xml; path = Info.plist; sourceTree = "<group>"; };
		D7F210CF2BA8397700A54EA6 /* CustomTableViewCell.swift */ = {isa = PBXFileReference; lastKnownFileType = sourcecode.swift; path = CustomTableViewCell.swift; sourceTree = "<group>"; };
		D7F210D12BA839AC00A54EA6 /* BestTeamViewController.swift */ = {isa = PBXFileReference; lastKnownFileType = sourcecode.swift; path = BestTeamViewController.swift; sourceTree = "<group>"; };
		D7F210D32BA839C300A54EA6 /* Model.swift */ = {isa = PBXFileReference; lastKnownFileType = sourcecode.swift; path = Model.swift; sourceTree = "<group>"; };
		D7F210D52BA86A4100A54EA6 /* DetailViewController.swift */ = {isa = PBXFileReference; lastKnownFileType = sourcecode.swift; path = DetailViewController.swift; sourceTree = "<group>"; };
		D7F210D72BA896E900A54EA6 /* SettingsGrouped.swift */ = {isa = PBXFileReference; lastKnownFileType = sourcecode.swift; path = SettingsGrouped.swift; sourceTree = "<group>"; };
		D7F210D92BA89ACD00A54EA6 /* Setting.swift */ = {isa = PBXFileReference; lastKnownFileType = sourcecode.swift; path = Setting.swift; sourceTree = "<group>"; };
		D7F210DB2BA9774900A54EA6 /* SettingImageView.swift */ = {isa = PBXFileReference; lastKnownFileType = sourcecode.swift; path = SettingImageView.swift; sourceTree = "<group>"; };
/* End PBXFileReference section */

/* Begin PBXFrameworksBuildPhase section */
		D7F210AB2BA82D7300A54EA6 /* Frameworks */ = {
			isa = PBXFrameworksBuildPhase;
			buildActionMask = 2147483647;
			files = (
				D7F210CA2BA8311700A54EA6 /* SnapKit in Frameworks */,
				D7F210CC2BA8311700A54EA6 /* SnapKit-Dynamic in Frameworks */,
			);
			runOnlyForDeploymentPostprocessing = 0;
		};
/* End PBXFrameworksBuildPhase section */

/* Begin PBXGroup section */
		D7AA012F2BB71429006AC9F5 /* Model */ = {
			isa = PBXGroup;
			children = (
				D7F210CF2BA8397700A54EA6 /* CustomTableViewCell.swift */,
				D7F210D32BA839C300A54EA6 /* Model.swift */,
				D7F210D72BA896E900A54EA6 /* SettingsGrouped.swift */,
				D7F210DB2BA9774900A54EA6 /* SettingImageView.swift */,
			);
			path = Model;
			sourceTree = "<group>";
		};
		D7AA01302BB71445006AC9F5 /* SettingDetails */ = {
			isa = PBXGroup;
			children = (
				D7F210D92BA89ACD00A54EA6 /* Setting.swift */,
			);
			path = SettingDetails;
			sourceTree = "<group>";
		};
		D7AA01312BB7147A006AC9F5 /* ViewControllers */ = {
			isa = PBXGroup;
			children = (
				D7F210D12BA839AC00A54EA6 /* BestTeamViewController.swift */,
				D7F210D52BA86A4100A54EA6 /* DetailViewController.swift */,
			);
			path = ViewControllers;
			sourceTree = "<group>";
		};
		D7F210A52BA82D7300A54EA6 = {
			isa = PBXGroup;
			children = (
				D7F210B02BA82D7300A54EA6 /* MondaysApp */,
				D7F210AF2BA82D7300A54EA6 /* Products */,
			);
			sourceTree = "<group>";
		};
		D7F210AF2BA82D7300A54EA6 /* Products */ = {
			isa = PBXGroup;
			children = (
				D7F210AE2BA82D7300A54EA6 /* MondaysApp.app */,
			);
			name = Products;
			sourceTree = "<group>";
		};
		D7F210B02BA82D7300A54EA6 /* MondaysApp */ = {
			isa = PBXGroup;
			children = (
				D7F210C52BA82E5E00A54EA6 /* App */,
				D7F210C62BA82E6900A54EA6 /* Sources */,
				D7F210C72BA82E7300A54EA6 /* Resources */,
			);
			path = MondaysApp;
			sourceTree = "<group>";
		};
		D7F210C52BA82E5E00A54EA6 /* App */ = {
			isa = PBXGroup;
			children = (
				D7F210B12BA82D7300A54EA6 /* AppDelegate.swift */,
				D7F210B32BA82D7300A54EA6 /* SceneDelegate.swift */,
			);
			path = App;
			sourceTree = "<group>";
		};
		D7F210C62BA82E6900A54EA6 /* Sources */ = {
			isa = PBXGroup;
			children = (
				D7F210CE2BA8394A00A54EA6 /* CustomModule */,
			);
			path = Sources;
			sourceTree = "<group>";
		};
		D7F210C72BA82E7300A54EA6 /* Resources */ = {
			isa = PBXGroup;
			children = (
				D7F210BA2BA82D7500A54EA6 /* Assets.xcassets */,
				D7F210BC2BA82D7500A54EA6 /* LaunchScreen.storyboard */,
				D7F210BF2BA82D7500A54EA6 /* Info.plist */,
			);
			path = Resources;
			sourceTree = "<group>";
		};
		D7F210CE2BA8394A00A54EA6 /* CustomModule */ = {
			isa = PBXGroup;
			children = (
				D7AA012F2BB71429006AC9F5 /* Model */,
				D7AA01312BB7147A006AC9F5 /* ViewControllers */,
				D7AA01302BB71445006AC9F5 /* SettingDetails */,
			);
			path = CustomModule;
			sourceTree = "<group>";
		};
/* End PBXGroup section */

/* Begin PBXNativeTarget section */
		D7F210AD2BA82D7300A54EA6 /* MondaysApp */ = {
			isa = PBXNativeTarget;
			buildConfigurationList = D7F210C22BA82D7500A54EA6 /* Build configuration list for PBXNativeTarget "MondaysApp" */;
			buildPhases = (
				D7F210AA2BA82D7300A54EA6 /* Sources */,
				D7F210AB2BA82D7300A54EA6 /* Frameworks */,
				D7F210AC2BA82D7300A54EA6 /* Resources */,
			);
			buildRules = (
			);
			dependencies = (
			);
			name = MondaysApp;
			packageProductDependencies = (
				D7F210C92BA8311700A54EA6 /* SnapKit */,
				D7F210CB2BA8311700A54EA6 /* SnapKit-Dynamic */,
			);
			productName = MondaysApp;
			productReference = D7F210AE2BA82D7300A54EA6 /* MondaysApp.app */;
			productType = "com.apple.product-type.application";
		};
/* End PBXNativeTarget section */

/* Begin PBXProject section */
		D7F210A62BA82D7300A54EA6 /* Project object */ = {
			isa = PBXProject;
			attributes = {
				BuildIndependentTargetsInParallel = 1;
				LastSwiftUpdateCheck = 1520;
				LastUpgradeCheck = 1520;
				TargetAttributes = {
					D7F210AD2BA82D7300A54EA6 = {
						CreatedOnToolsVersion = 15.2;
					};
				};
			};
			buildConfigurationList = D7F210A92BA82D7300A54EA6 /* Build configuration list for PBXProject "MondaysApp" */;
			compatibilityVersion = "Xcode 14.0";
			developmentRegion = en;
			hasScannedForEncodings = 0;
			knownRegions = (
				en,
				Base,
			);
			mainGroup = D7F210A52BA82D7300A54EA6;
			packageReferences = (
				D7F210C82BA8311700A54EA6 /* XCRemoteSwiftPackageReference "SnapKit" */,
			);
			productRefGroup = D7F210AF2BA82D7300A54EA6 /* Products */;
			projectDirPath = "";
			projectRoot = "";
			targets = (
				D7F210AD2BA82D7300A54EA6 /* MondaysApp */,
			);
		};
/* End PBXProject section */

/* Begin PBXResourcesBuildPhase section */
		D7F210AC2BA82D7300A54EA6 /* Resources */ = {
			isa = PBXResourcesBuildPhase;
			buildActionMask = 2147483647;
			files = (
				D7F210BE2BA82D7500A54EA6 /* LaunchScreen.storyboard in Resources */,
				D7F210BB2BA82D7500A54EA6 /* Assets.xcassets in Resources */,
			);
			runOnlyForDeploymentPostprocessing = 0;
		};
/* End PBXResourcesBuildPhase section */

/* Begin PBXSourcesBuildPhase section */
		D7F210AA2BA82D7300A54EA6 /* Sources */ = {
			isa = PBXSourcesBuildPhase;
			buildActionMask = 2147483647;
			files = (
				D7F210D22BA839AC00A54EA6 /* BestTeamViewController.swift in Sources */,
				D7F210B22BA82D7300A54EA6 /* AppDelegate.swift in Sources */,
				D7F210DC2BA9774900A54EA6 /* SettingImageView.swift in Sources */,
				D7F210D42BA839C300A54EA6 /* Model.swift in Sources */,
				D7F210D02BA8397700A54EA6 /* CustomTableViewCell.swift in Sources */,
				D7F210B42BA82D7300A54EA6 /* SceneDelegate.swift in Sources */,
				D7F210D62BA86A4100A54EA6 /* DetailViewController.swift in Sources */,
				D7F210D82BA896E900A54EA6 /* SettingsGrouped.swift in Sources */,
				D7F210DA2BA89ACD00A54EA6 /* Setting.swift in Sources */,
			);
			runOnlyForDeploymentPostprocessing = 0;
		};
/* End PBXSourcesBuildPhase section */

/* Begin PBXVariantGroup section */
		D7F210BC2BA82D7500A54EA6 /* LaunchScreen.storyboard */ = {
			isa = PBXVariantGroup;
			children = (
				D7F210BD2BA82D7500A54EA6 /* Base */,
			);
			name = LaunchScreen.storyboard;
			sourceTree = "<group>";
		};
/* End PBXVariantGroup section */

/* Begin XCBuildConfiguration section */
		D7F210C02BA82D7500A54EA6 /* Debug */ = {
			isa = XCBuildConfiguration;
			buildSettings = {
				ALWAYS_SEARCH_USER_PATHS = NO;
				ASSETCATALOG_COMPILER_GENERATE_SWIFT_ASSET_SYMBOL_EXTENSIONS = YES;
				CLANG_ANALYZER_NONNULL = YES;
				CLANG_ANALYZER_NUMBER_OBJECT_CONVERSION = YES_AGGRESSIVE;
				CLANG_CXX_LANGUAGE_STANDARD = "gnu++20";
				CLANG_ENABLE_MODULES = YES;
				CLANG_ENABLE_OBJC_ARC = YES;
				CLANG_ENABLE_OBJC_WEAK = YES;
				CLANG_WARN_BLOCK_CAPTURE_AUTORELEASING = YES;
				CLANG_WARN_BOOL_CONVERSION = YES;
				CLANG_WARN_COMMA = YES;
				CLANG_WARN_CONSTANT_CONVERSION = YES;
				CLANG_WARN_DEPRECATED_OBJC_IMPLEMENTATIONS = YES;
				CLANG_WARN_DIRECT_OBJC_ISA_USAGE = YES_ERROR;
				CLANG_WARN_DOCUMENTATION_COMMENTS = YES;
				CLANG_WARN_EMPTY_BODY = YES;
				CLANG_WARN_ENUM_CONVERSION = YES;
				CLANG_WARN_INFINITE_RECURSION = YES;
				CLANG_WARN_INT_CONVERSION = YES;
				CLANG_WARN_NON_LITERAL_NULL_CONVERSION = YES;
				CLANG_WARN_OBJC_IMPLICIT_RETAIN_SELF = YES;
				CLANG_WARN_OBJC_LITERAL_CONVERSION = YES;
				CLANG_WARN_OBJC_ROOT_CLASS = YES_ERROR;
				CLANG_WARN_QUOTED_INCLUDE_IN_FRAMEWORK_HEADER = YES;
				CLANG_WARN_RANGE_LOOP_ANALYSIS = YES;
				CLANG_WARN_STRICT_PROTOTYPES = YES;
				CLANG_WARN_SUSPICIOUS_MOVE = YES;
				CLANG_WARN_UNGUARDED_AVAILABILITY = YES_AGGRESSIVE;
				CLANG_WARN_UNREACHABLE_CODE = YES;
				CLANG_WARN__DUPLICATE_METHOD_MATCH = YES;
				COPY_PHASE_STRIP = NO;
				DEBUG_INFORMATION_FORMAT = dwarf;
				ENABLE_STRICT_OBJC_MSGSEND = YES;
				ENABLE_TESTABILITY = YES;
				ENABLE_USER_SCRIPT_SANDBOXING = YES;
				GCC_C_LANGUAGE_STANDARD = gnu17;
				GCC_DYNAMIC_NO_PIC = NO;
				GCC_NO_COMMON_BLOCKS = YES;
				GCC_OPTIMIZATION_LEVEL = 0;
				GCC_PREPROCESSOR_DEFINITIONS = (
					"DEBUG=1",
					"$(inherited)",
				);
				GCC_WARN_64_TO_32_BIT_CONVERSION = YES;
				GCC_WARN_ABOUT_RETURN_TYPE = YES_ERROR;
				GCC_WARN_UNDECLARED_SELECTOR = YES;
				GCC_WARN_UNINITIALIZED_AUTOS = YES_AGGRESSIVE;
				GCC_WARN_UNUSED_FUNCTION = YES;
				GCC_WARN_UNUSED_VARIABLE = YES;
				IPHONEOS_DEPLOYMENT_TARGET = 17.2;
				LOCALIZATION_PREFERS_STRING_CATALOGS = YES;
				MTL_ENABLE_DEBUG_INFO = INCLUDE_SOURCE;
				MTL_FAST_MATH = YES;
				ONLY_ACTIVE_ARCH = YES;
				SDKROOT = iphoneos;
				SWIFT_ACTIVE_COMPILATION_CONDITIONS = "DEBUG $(inherited)";
				SWIFT_OPTIMIZATION_LEVEL = "-Onone";
			};
			name = Debug;
		};
		D7F210C12BA82D7500A54EA6 /* Release */ = {
			isa = XCBuildConfiguration;
			buildSettings = {
				ALWAYS_SEARCH_USER_PATHS = NO;
				ASSETCATALOG_COMPILER_GENERATE_SWIFT_ASSET_SYMBOL_EXTENSIONS = YES;
				CLANG_ANALYZER_NONNULL = YES;
				CLANG_ANALYZER_NUMBER_OBJECT_CONVERSION = YES_AGGRESSIVE;
				CLANG_CXX_LANGUAGE_STANDARD = "gnu++20";
				CLANG_ENABLE_MODULES = YES;
				CLANG_ENABLE_OBJC_ARC = YES;
				CLANG_ENABLE_OBJC_WEAK = YES;
				CLANG_WARN_BLOCK_CAPTURE_AUTORELEASING = YES;
				CLANG_WARN_BOOL_CONVERSION = YES;
				CLANG_WARN_COMMA = YES;
				CLANG_WARN_CONSTANT_CONVERSION = YES;
				CLANG_WARN_DEPRECATED_OBJC_IMPLEMENTATIONS = YES;
				CLANG_WARN_DIRECT_OBJC_ISA_USAGE = YES_ERROR;
				CLANG_WARN_DOCUMENTATION_COMMENTS = YES;
				CLANG_WARN_EMPTY_BODY = YES;
				CLANG_WARN_ENUM_CONVERSION = YES;
				CLANG_WARN_INFINITE_RECURSION = YES;
				CLANG_WARN_INT_CONVERSION = YES;
				CLANG_WARN_NON_LITERAL_NULL_CONVERSION = YES;
				CLANG_WARN_OBJC_IMPLICIT_RETAIN_SELF = YES;
				CLANG_WARN_OBJC_LITERAL_CONVERSION = YES;
				CLANG_WARN_OBJC_ROOT_CLASS = YES_ERROR;
				CLANG_WARN_QUOTED_INCLUDE_IN_FRAMEWORK_HEADER = YES;
				CLANG_WARN_RANGE_LOOP_ANALYSIS = YES;
				CLANG_WARN_STRICT_PROTOTYPES = YES;
				CLANG_WARN_SUSPICIOUS_MOVE = YES;
				CLANG_WARN_UNGUARDED_AVAILABILITY = YES_AGGRESSIVE;
				CLANG_WARN_UNREACHABLE_CODE = YES;
				CLANG_WARN__DUPLICATE_METHOD_MATCH = YES;
				COPY_PHASE_STRIP = NO;
				DEBUG_INFORMATION_FORMAT = "dwarf-with-dsym";
				ENABLE_NS_ASSERTIONS = NO;
				ENABLE_STRICT_OBJC_MSGSEND = YES;
				ENABLE_USER_SCRIPT_SANDBOXING = YES;
				GCC_C_LANGUAGE_STANDARD = gnu17;
				GCC_NO_COMMON_BLOCKS = YES;
				GCC_WARN_64_TO_32_BIT_CONVERSION = YES;
				GCC_WARN_ABOUT_RETURN_TYPE = YES_ERROR;
				GCC_WARN_UNDECLARED_SELECTOR = YES;
				GCC_WARN_UNINITIALIZED_AUTOS = YES_AGGRESSIVE;
				GCC_WARN_UNUSED_FUNCTION = YES;
				GCC_WARN_UNUSED_VARIABLE = YES;
				IPHONEOS_DEPLOYMENT_TARGET = 17.2;
				LOCALIZATION_PREFERS_STRING_CATALOGS = YES;
				MTL_ENABLE_DEBUG_INFO = NO;
				MTL_FAST_MATH = YES;
				SDKROOT = iphoneos;
				SWIFT_COMPILATION_MODE = wholemodule;
				VALIDATE_PRODUCT = YES;
			};
			name = Release;
		};
		D7F210C32BA82D7500A54EA6 /* Debug */ = {
			isa = XCBuildConfiguration;
			buildSettings = {
				ASSETCATALOG_COMPILER_APPICON_NAME = AppIcon;
				ASSETCATALOG_COMPILER_GLOBAL_ACCENT_COLOR_NAME = AccentColor;
				CODE_SIGN_STYLE = Automatic;
				CURRENT_PROJECT_VERSION = 1;
				DEVELOPMENT_TEAM = HDQUFL254V;
				GENERATE_INFOPLIST_FILE = YES;
				INFOPLIST_FILE = MondaysApp/Resources/Info.plist;
				INFOPLIST_KEY_UIApplicationSupportsIndirectInputEvents = YES;
				INFOPLIST_KEY_UILaunchStoryboardName = LaunchScreen;
				INFOPLIST_KEY_UISupportedInterfaceOrientations_iPad = "UIInterfaceOrientationPortrait UIInterfaceOrientationPortraitUpsideDown UIInterfaceOrientationLandscapeLeft UIInterfaceOrientationLandscapeRight";
				INFOPLIST_KEY_UISupportedInterfaceOrientations_iPhone = "UIInterfaceOrientationPortrait UIInterfaceOrientationLandscapeLeft UIInterfaceOrientationLandscapeRight";
				LD_RUNPATH_SEARCH_PATHS = (
					"$(inherited)",
					"@executable_path/Frameworks",
				);
				MARKETING_VERSION = 1.0;
				PRODUCT_BUNDLE_IDENTIFIER = com.my.MondaysApp;
				PRODUCT_NAME = "$(TARGET_NAME)";
				SWIFT_EMIT_LOC_STRINGS = YES;
				SWIFT_VERSION = 5.0;
				TARGETED_DEVICE_FAMILY = "1,2";
			};
			name = Debug;
		};
		D7F210C42BA82D7500A54EA6 /* Release */ = {
			isa = XCBuildConfiguration;
			buildSettings = {
				ASSETCATALOG_COMPILER_APPICON_NAME = AppIcon;
				ASSETCATALOG_COMPILER_GLOBAL_ACCENT_COLOR_NAME = AccentColor;
				CODE_SIGN_STYLE = Automatic;
				CURRENT_PROJECT_VERSION = 1;
				DEVELOPMENT_TEAM = HDQUFL254V;
				GENERATE_INFOPLIST_FILE = YES;
				INFOPLIST_FILE = MondaysApp/Resources/Info.plist;
				INFOPLIST_KEY_UIApplicationSupportsIndirectInputEvents = YES;
				INFOPLIST_KEY_UILaunchStoryboardName = LaunchScreen;
				INFOPLIST_KEY_UISupportedInterfaceOrientations_iPad = "UIInterfaceOrientationPortrait UIInterfaceOrientationPortraitUpsideDown UIInterfaceOrientationLandscapeLeft UIInterfaceOrientationLandscapeRight";
				INFOPLIST_KEY_UISupportedInterfaceOrientations_iPhone = "UIInterfaceOrientationPortrait UIInterfaceOrientationLandscapeLeft UIInterfaceOrientationLandscapeRight";
				LD_RUNPATH_SEARCH_PATHS = (
					"$(inherited)",
					"@executable_path/Frameworks",
				);
				MARKETING_VERSION = 1.0;
				PRODUCT_BUNDLE_IDENTIFIER = com.my.MondaysApp;
				PRODUCT_NAME = "$(TARGET_NAME)";
				SWIFT_EMIT_LOC_STRINGS = YES;
				SWIFT_VERSION = 5.0;
				TARGETED_DEVICE_FAMILY = "1,2";
			};
			name = Release;
		};
/* End XCBuildConfiguration section */

/* Begin XCConfigurationList section */
		D7F210A92BA82D7300A54EA6 /* Build configuration list for PBXProject "MondaysApp" */ = {
			isa = XCConfigurationList;
			buildConfigurations = (
				D7F210C02BA82D7500A54EA6 /* Debug */,
				D7F210C12BA82D7500A54EA6 /* Release */,
			);
			defaultConfigurationIsVisible = 0;
			defaultConfigurationName = Release;
		};
		D7F210C22BA82D7500A54EA6 /* Build configuration list for PBXNativeTarget "MondaysApp" */ = {
			isa = XCConfigurationList;
			buildConfigurations = (
				D7F210C32BA82D7500A54EA6 /* Debug */,
				D7F210C42BA82D7500A54EA6 /* Release */,
			);
			defaultConfigurationIsVisible = 0;
			defaultConfigurationName = Release;
		};
/* End XCConfigurationList section */

/* Begin XCRemoteSwiftPackageReference section */
		D7F210C82BA8311700A54EA6 /* XCRemoteSwiftPackageReference "SnapKit" */ = {
			isa = XCRemoteSwiftPackageReference;
			repositoryURL = "https://github.com/SnapKit/SnapKit.git";
			requirement = {
				kind = upToNextMajorVersion;
				minimumVersion = 5.7.1;
			};
		};
/* End XCRemoteSwiftPackageReference section */

/* Begin XCSwiftPackageProductDependency section */
		D7F210C92BA8311700A54EA6 /* SnapKit */ = {
			isa = XCSwiftPackageProductDependency;
			package = D7F210C82BA8311700A54EA6 /* XCRemoteSwiftPackageReference "SnapKit" */;
			productName = SnapKit;
		};
		D7F210CB2BA8311700A54EA6 /* SnapKit-Dynamic */ = {
			isa = XCSwiftPackageProductDependency;
			package = D7F210C82BA8311700A54EA6 /* XCRemoteSwiftPackageReference "SnapKit" */;
			productName = "SnapKit-Dynamic";
		};
/* End XCSwiftPackageProductDependency section */
	};
	rootObject = D7F210A62BA82D7300A54EA6 /* Project object */;
}
